
Microsoft Visual Studio Solution File, Format Version 12.00
# Visual Studio Version 16
VisualStudioVersion = 16.0.31205.134
MinimumVisualStudioVersion = 10.0.40219.1
Project("{2150E333-8FDC-42A3-9474-1A3956D46DE8}") = "Modulo_1.2.1", "Modulo_1.2.1", "{F6244BA7-7D88-45F5-A59C-766BA4D48B99}"
EndProject
Project("{FAE04EC0-301F-11D3-BF4B-00C04F79EFBC}") = "Modulo1_ConsoleApp", "Modulo1_ConsoleApp\Modulo1_ConsoleApp.csproj", "{A779125C-4EFA-4362-9315-124FC3DB288D}"
EndProject
Project("{2150E333-8FDC-42A3-9474-1A3956D46DE8}") = "Modulo_1.3.7_POO", "Modulo_1.3.7_POO", "{F9F5C81E-8612-4FB3-9064-4FA03CB8D72E}"
EndProject
Project("{FAE04EC0-301F-11D3-BF4B-00C04F79EFBC}") = "ConsoleAppPOO", "ConsoleAppPOO\ConsoleAppPOO.csproj", "{51080A5D-9776-46B5-9EF7-7ECE13EEA006}"
EndProject
Global
	GlobalSection(SolutionConfigurationPlatforms) = preSolution
		Debug|Any CPU = Debug|Any CPU
		Release|Any CPU = Release|Any CPU
	EndGlobalSection
	GlobalSection(ProjectConfigurationPlatforms) = postSolution
		{A779125C-4EFA-4362-9315-124FC3DB288D}.Debug|Any CPU.ActiveCfg = Debug|Any CPU
		{A779125C-4EFA-4362-9315-124FC3DB288D}.Debug|Any CPU.Build.0 = Debug|Any CPU
		{A779125C-4EFA-4362-9315-124FC3DB288D}.Release|Any CPU.ActiveCfg = Release|Any CPU
		{A779125C-4EFA-4362-9315-124FC3DB288D}.Release|Any CPU.Build.0 = Release|Any CPU
		{51080A5D-9776-46B5-9EF7-7ECE13EEA006}.Debug|Any CPU.ActiveCfg = Debug|Any CPU
		{51080A5D-9776-46B5-9EF7-7ECE13EEA006}.Debug|Any CPU.Build.0 = Debug|Any CPU
		{51080A5D-9776-46B5-9EF7-7ECE13EEA006}.Release|Any CPU.ActiveCfg = Release|Any CPU
		{51080A5D-9776-46B5-9EF7-7ECE13EEA006}.Release|Any CPU.Build.0 = Release|Any CPU
	EndGlobalSection
	GlobalSection(SolutionProperties) = preSolution
		HideSolutionNode = FALSE
	EndGlobalSection
	GlobalSection(NestedProjects) = preSolution
		{A779125C-4EFA-4362-9315-124FC3DB288D} = {F6244BA7-7D88-45F5-A59C-766BA4D48B99}
		{51080A5D-9776-46B5-9EF7-7ECE13EEA006} = {F9F5C81E-8612-4FB3-9064-4FA03CB8D72E}
	EndGlobalSection
	GlobalSection(ExtensibilityGlobals) = postSolution
		SolutionGuid = {32CDD1A3-4BE9-4EEE-82DF-681C67FCD7D6}
	EndGlobalSection
EndGlobal
