
Microsoft Visual Studio Solution File, Format Version 12.00
# Visual Studio Version 16
VisualStudioVersion = 16.0.31205.134
MinimumVisualStudioVersion = 10.0.40219.1
Project("{2150E333-8FDC-42A3-9474-1A3956D46DE8}") = "Modulo_1.2.1", "Modulo_1.2.1", "{F6244BA7-7D88-45F5-A59C-766BA4D48B99}"
EndProject
Project("{FAE04EC0-301F-11D3-BF4B-00C04F79EFBC}") = "Modulo1_ConsoleApp", "Modulo1_ConsoleApp\Modulo1_ConsoleApp.csproj", "{A779125C-4EFA-4362-9315-124FC3DB288D}"
EndProject
Project("{2150E333-8FDC-42A3-9474-1A3956D46DE8}") = "Modulo_1.3.7_POO", "Modulo_1.3.7_POO", "{F9F5C81E-8612-4FB3-9064-4FA03CB8D72E}"
EndProject
Project("{FAE04EC0-301F-11D3-BF4B-00C04F79EFBC}") = "ConsoleAppPOO", "ConsoleAppPOO\ConsoleAppPOO.csproj", "{51080A5D-9776-46B5-9EF7-7ECE13EEA006}"
EndProject
Project("{2150E333-8FDC-42A3-9474-1A3956D46DE8}") = "Modulo_1.4.1_Task", "Modulo_1.4.1_Task", "{EF51E5FC-76B3-443A-B341-FAC9471657B2}"
EndProject
Project("{FAE04EC0-301F-11D3-BF4B-00C04F79EFBC}") = "ConsoleApp_MultiTask", "ConsoleApp_MultiTask\ConsoleApp_MultiTask.csproj", "{2E256404-3D9B-427A-A7C9-F634CF3F4E74}"
EndProject
Project("{FAE04EC0-301F-11D3-BF4B-00C04F79EFBC}") = "ConsoleAppAsyncAwait", "ConsoleAppAsyncAwait\ConsoleAppAsyncAwait.csproj", "{8D4A9D17-9614-4FCD-917D-120C7E4387A8}"
EndProject
Project("{2150E333-8FDC-42A3-9474-1A3956D46DE8}") = "Modulo_1.5.1_Files", "Modulo_1.5.1_Files", "{41A83D40-376D-4DC1-9B3E-9171371129EA}"
EndProject
Project("{FAE04EC0-301F-11D3-BF4B-00C04F79EFBC}") = "ConsoleAppFiles", "ConsoleAppFiles\ConsoleAppFiles.csproj", "{BDC02570-1477-4F6F-B1CF-735ED6AD26CD}"
EndProject
Global
	GlobalSection(SolutionConfigurationPlatforms) = preSolution
		Debug|Any CPU = Debug|Any CPU
		Release|Any CPU = Release|Any CPU
	EndGlobalSection
	GlobalSection(ProjectConfigurationPlatforms) = postSolution
		{A779125C-4EFA-4362-9315-124FC3DB288D}.Debug|Any CPU.ActiveCfg = Debug|Any CPU
		{A779125C-4EFA-4362-9315-124FC3DB288D}.Debug|Any CPU.Build.0 = Debug|Any CPU
		{A779125C-4EFA-4362-9315-124FC3DB288D}.Release|Any CPU.ActiveCfg = Release|Any CPU
		{A779125C-4EFA-4362-9315-124FC3DB288D}.Release|Any CPU.Build.0 = Release|Any CPU
		{51080A5D-9776-46B5-9EF7-7ECE13EEA006}.Debug|Any CPU.ActiveCfg = Debug|Any CPU
		{51080A5D-9776-46B5-9EF7-7ECE13EEA006}.Debug|Any CPU.Build.0 = Debug|Any CPU
		{51080A5D-9776-46B5-9EF7-7ECE13EEA006}.Release|Any CPU.ActiveCfg = Release|Any CPU
		{51080A5D-9776-46B5-9EF7-7ECE13EEA006}.Release|Any CPU.Build.0 = Release|Any CPU
		{2E256404-3D9B-427A-A7C9-F634CF3F4E74}.Debug|Any CPU.ActiveCfg = Debug|Any CPU
		{2E256404-3D9B-427A-A7C9-F634CF3F4E74}.Debug|Any CPU.Build.0 = Debug|Any CPU
		{2E256404-3D9B-427A-A7C9-F634CF3F4E74}.Release|Any CPU.ActiveCfg = Release|Any CPU
		{2E256404-3D9B-427A-A7C9-F634CF3F4E74}.Release|Any CPU.Build.0 = Release|Any CPU
		{8D4A9D17-9614-4FCD-917D-120C7E4387A8}.Debug|Any CPU.ActiveCfg = Debug|Any CPU
		{8D4A9D17-9614-4FCD-917D-120C7E4387A8}.Debug|Any CPU.Build.0 = Debug|Any CPU
		{8D4A9D17-9614-4FCD-917D-120C7E4387A8}.Release|Any CPU.ActiveCfg = Release|Any CPU
		{8D4A9D17-9614-4FCD-917D-120C7E4387A8}.Release|Any CPU.Build.0 = Release|Any CPU
		{BDC02570-1477-4F6F-B1CF-735ED6AD26CD}.Debug|Any CPU.ActiveCfg = Debug|Any CPU
		{BDC02570-1477-4F6F-B1CF-735ED6AD26CD}.Debug|Any CPU.Build.0 = Debug|Any CPU
		{BDC02570-1477-4F6F-B1CF-735ED6AD26CD}.Release|Any CPU.ActiveCfg = Release|Any CPU
		{BDC02570-1477-4F6F-B1CF-735ED6AD26CD}.Release|Any CPU.Build.0 = Release|Any CPU
	EndGlobalSection
	GlobalSection(SolutionProperties) = preSolution
		HideSolutionNode = FALSE
	EndGlobalSection
	GlobalSection(NestedProjects) = preSolution
		{A779125C-4EFA-4362-9315-124FC3DB288D} = {F6244BA7-7D88-45F5-A59C-766BA4D48B99}
		{51080A5D-9776-46B5-9EF7-7ECE13EEA006} = {F9F5C81E-8612-4FB3-9064-4FA03CB8D72E}
		{2E256404-3D9B-427A-A7C9-F634CF3F4E74} = {EF51E5FC-76B3-443A-B341-FAC9471657B2}
		{8D4A9D17-9614-4FCD-917D-120C7E4387A8} = {EF51E5FC-76B3-443A-B341-FAC9471657B2}
		{BDC02570-1477-4F6F-B1CF-735ED6AD26CD} = {41A83D40-376D-4DC1-9B3E-9171371129EA}
	EndGlobalSection
	GlobalSection(ExtensibilityGlobals) = postSolution
		SolutionGuid = {32CDD1A3-4BE9-4EEE-82DF-681C67FCD7D6}
	EndGlobalSection
EndGlobal
